// !$*UTF8*$!
{
	archiveVersion = 1;
	classes = {
	};
	objectVersion = 56;
	objects = {

/* Begin PBXBuildFile section */
		A8FE63632B2B6638001FD796 /* AppDelegate.swift in Sources */ = {isa = PBXBuildFile; fileRef = A8FE63622B2B6638001FD796 /* AppDelegate.swift */; };
		A8FE63652B2B6638001FD796 /* SceneDelegate.swift in Sources */ = {isa = PBXBuildFile; fileRef = A8FE63642B2B6638001FD796 /* SceneDelegate.swift */; };
		A8FE63672B2B6638001FD796 /* ViewController.swift in Sources */ = {isa = PBXBuildFile; fileRef = A8FE63662B2B6638001FD796 /* ViewController.swift */; };
		A8FE636A2B2B6638001FD796 /* Main.storyboard in Resources */ = {isa = PBXBuildFile; fileRef = A8FE63682B2B6638001FD796 /* Main.storyboard */; };
		A8FE636C2B2B663A001FD796 /* Assets.xcassets in Resources */ = {isa = PBXBuildFile; fileRef = A8FE636B2B2B663A001FD796 /* Assets.xcassets */; };
		A8FE636F2B2B663A001FD796 /* LaunchScreen.storyboard in Resources */ = {isa = PBXBuildFile; fileRef = A8FE636D2B2B663A001FD796 /* LaunchScreen.storyboard */; };
		A8FE637A2B2B663A001FD796 /* Processo_Seletivo_iFoodTests.swift in Sources */ = {isa = PBXBuildFile; fileRef = A8FE63792B2B663A001FD796 /* Processo_Seletivo_iFoodTests.swift */; };
/* End PBXBuildFile section */

/* Begin PBXContainerItemProxy section */
		A8FE63762B2B663A001FD796 /* PBXContainerItemProxy */ = {
			isa = PBXContainerItemProxy;
			containerPortal = A8FE63572B2B6638001FD796 /* Project object */;
			proxyType = 1;
			remoteGlobalIDString = A8FE635E2B2B6638001FD796;
			remoteInfo = "Processo-Seletivo-iFood";
		};
/* End PBXContainerItemProxy section */

/* Begin PBXFileReference section */
		A82D62192B2B77BE00DAF87E /* CoreCoordinator */ = {isa = PBXFileReference; lastKnownFileType = wrapper; name = CoreCoordinator; path = ../../../CoreCoordinator; sourceTree = "<group>"; };
		A82D621B2B2B796700DAF87E /* MainAppTestPlan.xctestplan */ = {isa = PBXFileReference; lastKnownFileType = text; path = MainAppTestPlan.xctestplan; sourceTree = "<group>"; };
		A8FE635F2B2B6638001FD796 /* Processo-Seletivo-iFood.app */ = {isa = PBXFileReference; explicitFileType = wrapper.application; includeInIndex = 0; path = "Processo-Seletivo-iFood.app"; sourceTree = BUILT_PRODUCTS_DIR; };
		A8FE63622B2B6638001FD796 /* AppDelegate.swift */ = {isa = PBXFileReference; lastKnownFileType = sourcecode.swift; path = AppDelegate.swift; sourceTree = "<group>"; };
		A8FE63642B2B6638001FD796 /* SceneDelegate.swift */ = {isa = PBXFileReference; lastKnownFileType = sourcecode.swift; path = SceneDelegate.swift; sourceTree = "<group>"; };
		A8FE63662B2B6638001FD796 /* ViewController.swift */ = {isa = PBXFileReference; lastKnownFileType = sourcecode.swift; path = ViewController.swift; sourceTree = "<group>"; };
		A8FE63692B2B6638001FD796 /* Base */ = {isa = PBXFileReference; lastKnownFileType = file.storyboard; name = Base; path = Base.lproj/Main.storyboard; sourceTree = "<group>"; };
		A8FE636B2B2B663A001FD796 /* Assets.xcassets */ = {isa = PBXFileReference; lastKnownFileType = folder.assetcatalog; path = Assets.xcassets; sourceTree = "<group>"; };
		A8FE636E2B2B663A001FD796 /* Base */ = {isa = PBXFileReference; lastKnownFileType = file.storyboard; name = Base; path = Base.lproj/LaunchScreen.storyboard; sourceTree = "<group>"; };
		A8FE63702B2B663A001FD796 /* Info.plist */ = {isa = PBXFileReference; lastKnownFileType = text.plist.xml; path = Info.plist; sourceTree = "<group>"; };
		A8FE63752B2B663A001FD796 /* Processo-Seletivo-iFoodTests.xctest */ = {isa = PBXFileReference; explicitFileType = wrapper.cfbundle; includeInIndex = 0; path = "Processo-Seletivo-iFoodTests.xctest"; sourceTree = BUILT_PRODUCTS_DIR; };
		A8FE63792B2B663A001FD796 /* Processo_Seletivo_iFoodTests.swift */ = {isa = PBXFileReference; lastKnownFileType = sourcecode.swift; path = Processo_Seletivo_iFoodTests.swift; sourceTree = "<group>"; };
/* End PBXFileReference section */

/* Begin PBXFrameworksBuildPhase section */
		A8FE635C2B2B6638001FD796 /* Frameworks */ = {
			isa = PBXFrameworksBuildPhase;
			buildActionMask = 2147483647;
			files = (
			);
			runOnlyForDeploymentPostprocessing = 0;
		};
		A8FE63722B2B663A001FD796 /* Frameworks */ = {
			isa = PBXFrameworksBuildPhase;
			buildActionMask = 2147483647;
			files = (
			);
			runOnlyForDeploymentPostprocessing = 0;
		};
/* End PBXFrameworksBuildPhase section */

/* Begin PBXGroup section */
		A82D62182B2B77BE00DAF87E /* Packages */ = {
			isa = PBXGroup;
			children = (
				A82D62192B2B77BE00DAF87E /* CoreCoordinator */,
			);
			name = Packages;
			sourceTree = "<group>";
		};
		A82D621C2B2B798400DAF87E /* TestPlans */ = {
			isa = PBXGroup;
			children = (
				A82D621B2B2B796700DAF87E /* MainAppTestPlan.xctestplan */,
			);
			path = TestPlans;
			sourceTree = "<group>";
		};
		A8FE63562B2B6638001FD796 = {
			isa = PBXGroup;
			children = (
				A82D62182B2B77BE00DAF87E /* Packages */,
				A8FE63612B2B6638001FD796 /* Processo-Seletivo-iFood */,
				A8FE63782B2B663A001FD796 /* Processo-Seletivo-iFoodTests */,
				A8FE63602B2B6638001FD796 /* Products */,
				A82D621C2B2B798400DAF87E /* TestPlans */,
			);
			sourceTree = "<group>";
		};
		A8FE63602B2B6638001FD796 /* Products */ = {
			isa = PBXGroup;
			children = (
				A8FE635F2B2B6638001FD796 /* Processo-Seletivo-iFood.app */,
				A8FE63752B2B663A001FD796 /* Processo-Seletivo-iFoodTests.xctest */,
			);
			name = Products;
			sourceTree = "<group>";
		};
		A8FE63612B2B6638001FD796 /* Processo-Seletivo-iFood */ = {
			isa = PBXGroup;
			children = (
				A8FE63622B2B6638001FD796 /* AppDelegate.swift */,
				A8FE63642B2B6638001FD796 /* SceneDelegate.swift */,
				A8FE63662B2B6638001FD796 /* ViewController.swift */,
				A8FE63682B2B6638001FD796 /* Main.storyboard */,
				A8FE636B2B2B663A001FD796 /* Assets.xcassets */,
				A8FE636D2B2B663A001FD796 /* LaunchScreen.storyboard */,
				A8FE63702B2B663A001FD796 /* Info.plist */,
			);
			path = "Processo-Seletivo-iFood";
			sourceTree = "<group>";
		};
		A8FE63782B2B663A001FD796 /* Processo-Seletivo-iFoodTests */ = {
			isa = PBXGroup;
			children = (
				A8FE63792B2B663A001FD796 /* Processo_Seletivo_iFoodTests.swift */,
			);
			path = "Processo-Seletivo-iFoodTests";
			sourceTree = "<group>";
		};
/* End PBXGroup section */

/* Begin PBXNativeTarget section */
		A8FE635E2B2B6638001FD796 /* Processo-Seletivo-iFood */ = {
			isa = PBXNativeTarget;
			buildConfigurationList = A8FE63892B2B663B001FD796 /* Build configuration list for PBXNativeTarget "Processo-Seletivo-iFood" */;
			buildPhases = (
				A8FE635B2B2B6638001FD796 /* Sources */,
				A8FE635C2B2B6638001FD796 /* Frameworks */,
				A8FE635D2B2B6638001FD796 /* Resources */,
			);
			buildRules = (
			);
			dependencies = (
			);
			name = "Processo-Seletivo-iFood";
			productName = "Processo-Seletivo-iFood";
			productReference = A8FE635F2B2B6638001FD796 /* Processo-Seletivo-iFood.app */;
			productType = "com.apple.product-type.application";
		};
		A8FE63742B2B663A001FD796 /* Processo-Seletivo-iFoodTests */ = {
			isa = PBXNativeTarget;
			buildConfigurationList = A8FE638C2B2B663B001FD796 /* Build configuration list for PBXNativeTarget "Processo-Seletivo-iFoodTests" */;
			buildPhases = (
				A8FE63712B2B663A001FD796 /* Sources */,
				A8FE63722B2B663A001FD796 /* Frameworks */,
				A8FE63732B2B663A001FD796 /* Resources */,
			);
			buildRules = (
			);
			dependencies = (
				A8FE63772B2B663A001FD796 /* PBXTargetDependency */,
			);
			name = "Processo-Seletivo-iFoodTests";
			productName = "Processo-Seletivo-iFoodTests";
			productReference = A8FE63752B2B663A001FD796 /* Processo-Seletivo-iFoodTests.xctest */;
			productType = "com.apple.product-type.bundle.unit-test";
		};
/* End PBXNativeTarget section */

/* Begin PBXProject section */
		A8FE63572B2B6638001FD796 /* Project object */ = {
			isa = PBXProject;
			attributes = {
				BuildIndependentTargetsInParallel = 1;
				LastSwiftUpdateCheck = 1420;
				LastUpgradeCheck = 1420;
				TargetAttributes = {
					A8FE635E2B2B6638001FD796 = {
						CreatedOnToolsVersion = 14.2;
					};
					A8FE63742B2B663A001FD796 = {
						CreatedOnToolsVersion = 14.2;
						TestTargetID = A8FE635E2B2B6638001FD796;
					};
				};
			};
			buildConfigurationList = A8FE635A2B2B6638001FD796 /* Build configuration list for PBXProject "Processo-Seletivo-iFood" */;
			compatibilityVersion = "Xcode 14.0";
			developmentRegion = en;
			hasScannedForEncodings = 0;
			knownRegions = (
				en,
				Base,
			);
			mainGroup = A8FE63562B2B6638001FD796;
			productRefGroup = A8FE63602B2B6638001FD796 /* Products */;
			projectDirPath = "";
			projectRoot = "";
			targets = (
				A8FE635E2B2B6638001FD796 /* Processo-Seletivo-iFood */,
				A8FE63742B2B663A001FD796 /* Processo-Seletivo-iFoodTests */,
			);
		};
/* End PBXProject section */

/* Begin PBXResourcesBuildPhase section */
		A8FE635D2B2B6638001FD796 /* Resources */ = {
			isa = PBXResourcesBuildPhase;
			buildActionMask = 2147483647;
			files = (
				A8FE636F2B2B663A001FD796 /* LaunchScreen.storyboard in Resources */,
				A8FE636C2B2B663A001FD796 /* Assets.xcassets in Resources */,
				A8FE636A2B2B6638001FD796 /* Main.storyboard in Resources */,
			);
			runOnlyForDeploymentPostprocessing = 0;
		};
		A8FE63732B2B663A001FD796 /* Resources */ = {
			isa = PBXResourcesBuildPhase;
			buildActionMask = 2147483647;
			files = (
			);
			runOnlyForDeploymentPostprocessing = 0;
		};
/* End PBXResourcesBuildPhase section */

/* Begin PBXSourcesBuildPhase section */
		A8FE635B2B2B6638001FD796 /* Sources */ = {
			isa = PBXSourcesBuildPhase;
			buildActionMask = 2147483647;
			files = (
				A8FE63672B2B6638001FD796 /* ViewController.swift in Sources */,
				A8FE63632B2B6638001FD796 /* AppDelegate.swift in Sources */,
				A8FE63652B2B6638001FD796 /* SceneDelegate.swift in Sources */,
			);
			runOnlyForDeploymentPostprocessing = 0;
		};
		A8FE63712B2B663A001FD796 /* Sources */ = {
			isa = PBXSourcesBuildPhase;
			buildActionMask = 2147483647;
			files = (
				A8FE637A2B2B663A001FD796 /* Processo_Seletivo_iFoodTests.swift in Sources */,
			);
			runOnlyForDeploymentPostprocessing = 0;
		};
/* End PBXSourcesBuildPhase section */

/* Begin PBXTargetDependency section */
		A8FE63772B2B663A001FD796 /* PBXTargetDependency */ = {
			isa = PBXTargetDependency;
			target = A8FE635E2B2B6638001FD796 /* Processo-Seletivo-iFood */;
			targetProxy = A8FE63762B2B663A001FD796 /* PBXContainerItemProxy */;
		};
/* End PBXTargetDependency section */

/* Begin PBXVariantGroup section */
		A8FE63682B2B6638001FD796 /* Main.storyboard */ = {
			isa = PBXVariantGroup;
			children = (
				A8FE63692B2B6638001FD796 /* Base */,
			);
			name = Main.storyboard;
			sourceTree = "<group>";
		};
		A8FE636D2B2B663A001FD796 /* LaunchScreen.storyboard */ = {
			isa = PBXVariantGroup;
			children = (
				A8FE636E2B2B663A001FD796 /* Base */,
			);
			name = LaunchScreen.storyboard;
			sourceTree = "<group>";
		};
/* End PBXVariantGroup section */

/* Begin XCBuildConfiguration section */
		A8FE63872B2B663B001FD796 /* Debug */ = {
			isa = XCBuildConfiguration;
			buildSettings = {
				ALWAYS_SEARCH_USER_PATHS = NO;
				CLANG_ANALYZER_NONNULL = YES;
				CLANG_ANALYZER_NUMBER_OBJECT_CONVERSION = YES_AGGRESSIVE;
				CLANG_CXX_LANGUAGE_STANDARD = "gnu++20";
				CLANG_ENABLE_MODULES = YES;
				CLANG_ENABLE_OBJC_ARC = YES;
				CLANG_ENABLE_OBJC_WEAK = YES;
				CLANG_WARN_BLOCK_CAPTURE_AUTORELEASING = YES;
				CLANG_WARN_BOOL_CONVERSION = YES;
				CLANG_WARN_COMMA = YES;
				CLANG_WARN_CONSTANT_CONVERSION = YES;
				CLANG_WARN_DEPRECATED_OBJC_IMPLEMENTATIONS = YES;
				CLANG_WARN_DIRECT_OBJC_ISA_USAGE = YES_ERROR;
				CLANG_WARN_DOCUMENTATION_COMMENTS = YES;
				CLANG_WARN_EMPTY_BODY = YES;
				CLANG_WARN_ENUM_CONVERSION = YES;
				CLANG_WARN_INFINITE_RECURSION = YES;
				CLANG_WARN_INT_CONVERSION = YES;
				CLANG_WARN_NON_LITERAL_NULL_CONVERSION = YES;
				CLANG_WARN_OBJC_IMPLICIT_RETAIN_SELF = YES;
				CLANG_WARN_OBJC_LITERAL_CONVERSION = YES;
				CLANG_WARN_OBJC_ROOT_CLASS = YES_ERROR;
				CLANG_WARN_QUOTED_INCLUDE_IN_FRAMEWORK_HEADER = YES;
				CLANG_WARN_RANGE_LOOP_ANALYSIS = YES;
				CLANG_WARN_STRICT_PROTOTYPES = YES;
				CLANG_WARN_SUSPICIOUS_MOVE = YES;
				CLANG_WARN_UNGUARDED_AVAILABILITY = YES_AGGRESSIVE;
				CLANG_WARN_UNREACHABLE_CODE = YES;
				CLANG_WARN__DUPLICATE_METHOD_MATCH = YES;
				COPY_PHASE_STRIP = NO;
				DEBUG_INFORMATION_FORMAT = dwarf;
				ENABLE_STRICT_OBJC_MSGSEND = YES;
				ENABLE_TESTABILITY = YES;
				GCC_C_LANGUAGE_STANDARD = gnu11;
				GCC_DYNAMIC_NO_PIC = NO;
				GCC_NO_COMMON_BLOCKS = YES;
				GCC_OPTIMIZATION_LEVEL = 0;
				GCC_PREPROCESSOR_DEFINITIONS = (
					"DEBUG=1",
					"$(inherited)",
				);
				GCC_WARN_64_TO_32_BIT_CONVERSION = YES;
				GCC_WARN_ABOUT_RETURN_TYPE = YES_ERROR;
				GCC_WARN_UNDECLARED_SELECTOR = YES;
				GCC_WARN_UNINITIALIZED_AUTOS = YES_AGGRESSIVE;
				GCC_WARN_UNUSED_FUNCTION = YES;
				GCC_WARN_UNUSED_VARIABLE = YES;
				IPHONEOS_DEPLOYMENT_TARGET = 16.2;
				MTL_ENABLE_DEBUG_INFO = INCLUDE_SOURCE;
				MTL_FAST_MATH = YES;
				ONLY_ACTIVE_ARCH = YES;
				SDKROOT = iphoneos;
				SWIFT_ACTIVE_COMPILATION_CONDITIONS = DEBUG;
				SWIFT_OPTIMIZATION_LEVEL = "-Onone";
			};
			name = Debug;
		};
		A8FE63882B2B663B001FD796 /* Release */ = {
			isa = XCBuildConfiguration;
			buildSettings = {
				ALWAYS_SEARCH_USER_PATHS = NO;
				CLANG_ANALYZER_NONNULL = YES;
				CLANG_ANALYZER_NUMBER_OBJECT_CONVERSION = YES_AGGRESSIVE;
				CLANG_CXX_LANGUAGE_STANDARD = "gnu++20";
				CLANG_ENABLE_MODULES = YES;
				CLANG_ENABLE_OBJC_ARC = YES;
				CLANG_ENABLE_OBJC_WEAK = YES;
				CLANG_WARN_BLOCK_CAPTURE_AUTORELEASING = YES;
				CLANG_WARN_BOOL_CONVERSION = YES;
				CLANG_WARN_COMMA = YES;
				CLANG_WARN_CONSTANT_CONVERSION = YES;
				CLANG_WARN_DEPRECATED_OBJC_IMPLEMENTATIONS = YES;
				CLANG_WARN_DIRECT_OBJC_ISA_USAGE = YES_ERROR;
				CLANG_WARN_DOCUMENTATION_COMMENTS = YES;
				CLANG_WARN_EMPTY_BODY = YES;
				CLANG_WARN_ENUM_CONVERSION = YES;
				CLANG_WARN_INFINITE_RECURSION = YES;
				CLANG_WARN_INT_CONVERSION = YES;
				CLANG_WARN_NON_LITERAL_NULL_CONVERSION = YES;
				CLANG_WARN_OBJC_IMPLICIT_RETAIN_SELF = YES;
				CLANG_WARN_OBJC_LITERAL_CONVERSION = YES;
				CLANG_WARN_OBJC_ROOT_CLASS = YES_ERROR;
				CLANG_WARN_QUOTED_INCLUDE_IN_FRAMEWORK_HEADER = YES;
				CLANG_WARN_RANGE_LOOP_ANALYSIS = YES;
				CLANG_WARN_STRICT_PROTOTYPES = YES;
				CLANG_WARN_SUSPICIOUS_MOVE = YES;
				CLANG_WARN_UNGUARDED_AVAILABILITY = YES_AGGRESSIVE;
				CLANG_WARN_UNREACHABLE_CODE = YES;
				CLANG_WARN__DUPLICATE_METHOD_MATCH = YES;
				COPY_PHASE_STRIP = NO;
				DEBUG_INFORMATION_FORMAT = "dwarf-with-dsym";
				ENABLE_NS_ASSERTIONS = NO;
				ENABLE_STRICT_OBJC_MSGSEND = YES;
				GCC_C_LANGUAGE_STANDARD = gnu11;
				GCC_NO_COMMON_BLOCKS = YES;
				GCC_WARN_64_TO_32_BIT_CONVERSION = YES;
				GCC_WARN_ABOUT_RETURN_TYPE = YES_ERROR;
				GCC_WARN_UNDECLARED_SELECTOR = YES;
				GCC_WARN_UNINITIALIZED_AUTOS = YES_AGGRESSIVE;
				GCC_WARN_UNUSED_FUNCTION = YES;
				GCC_WARN_UNUSED_VARIABLE = YES;
				IPHONEOS_DEPLOYMENT_TARGET = 16.2;
				MTL_ENABLE_DEBUG_INFO = NO;
				MTL_FAST_MATH = YES;
				SDKROOT = iphoneos;
				SWIFT_COMPILATION_MODE = wholemodule;
				SWIFT_OPTIMIZATION_LEVEL = "-O";
				VALIDATE_PRODUCT = YES;
			};
			name = Release;
		};
		A8FE638A2B2B663B001FD796 /* Debug */ = {
			isa = XCBuildConfiguration;
			buildSettings = {
				ASSETCATALOG_COMPILER_APPICON_NAME = AppIcon;
				ASSETCATALOG_COMPILER_GLOBAL_ACCENT_COLOR_NAME = AccentColor;
				CODE_SIGN_STYLE = Automatic;
				CURRENT_PROJECT_VERSION = 1;
				GENERATE_INFOPLIST_FILE = YES;
				INFOPLIST_FILE = "Processo-Seletivo-iFood/Info.plist";
				INFOPLIST_KEY_UIApplicationSupportsIndirectInputEvents = YES;
				INFOPLIST_KEY_UILaunchStoryboardName = LaunchScreen;
				INFOPLIST_KEY_UIMainStoryboardFile = Main;
				INFOPLIST_KEY_UISupportedInterfaceOrientations_iPad = "UIInterfaceOrientationPortrait UIInterfaceOrientationPortraitUpsideDown UIInterfaceOrientationLandscapeLeft UIInterfaceOrientationLandscapeRight";
				INFOPLIST_KEY_UISupportedInterfaceOrientations_iPhone = "UIInterfaceOrientationPortrait UIInterfaceOrientationLandscapeLeft UIInterfaceOrientationLandscapeRight";
				LD_RUNPATH_SEARCH_PATHS = (
					"$(inherited)",
					"@executable_path/Frameworks",
				);
				MARKETING_VERSION = 1.0;
				PRODUCT_BUNDLE_IDENTIFIER = "pedrohgsilveira.Processo-Seletivo-iFood";
				PRODUCT_NAME = "$(TARGET_NAME)";
				SWIFT_EMIT_LOC_STRINGS = YES;
				SWIFT_VERSION = 5.0;
				TARGETED_DEVICE_FAMILY = "1,2";
			};
			name = Debug;
		};
		A8FE638B2B2B663B001FD796 /* Release */ = {
			isa = XCBuildConfiguration;
			buildSettings = {
				ASSETCATALOG_COMPILER_APPICON_NAME = AppIcon;
				ASSETCATALOG_COMPILER_GLOBAL_ACCENT_COLOR_NAME = AccentColor;
				CODE_SIGN_STYLE = Automatic;
				CURRENT_PROJECT_VERSION = 1;
				GENERATE_INFOPLIST_FILE = YES;
				INFOPLIST_FILE = "Processo-Seletivo-iFood/Info.plist";
				INFOPLIST_KEY_UIApplicationSupportsIndirectInputEvents = YES;
				INFOPLIST_KEY_UILaunchStoryboardName = LaunchScreen;
				INFOPLIST_KEY_UIMainStoryboardFile = Main;
				INFOPLIST_KEY_UISupportedInterfaceOrientations_iPad = "UIInterfaceOrientationPortrait UIInterfaceOrientationPortraitUpsideDown UIInterfaceOrientationLandscapeLeft UIInterfaceOrientationLandscapeRight";
				INFOPLIST_KEY_UISupportedInterfaceOrientations_iPhone = "UIInterfaceOrientationPortrait UIInterfaceOrientationLandscapeLeft UIInterfaceOrientationLandscapeRight";
				LD_RUNPATH_SEARCH_PATHS = (
					"$(inherited)",
					"@executable_path/Frameworks",
				);
				MARKETING_VERSION = 1.0;
				PRODUCT_BUNDLE_IDENTIFIER = "pedrohgsilveira.Processo-Seletivo-iFood";
				PRODUCT_NAME = "$(TARGET_NAME)";
				SWIFT_EMIT_LOC_STRINGS = YES;
				SWIFT_VERSION = 5.0;
				TARGETED_DEVICE_FAMILY = "1,2";
			};
			name = Release;
		};
		A8FE638D2B2B663B001FD796 /* Debug */ = {
			isa = XCBuildConfiguration;
			buildSettings = {
				ALWAYS_EMBED_SWIFT_STANDARD_LIBRARIES = YES;
				BUNDLE_LOADER = "$(TEST_HOST)";
				CODE_SIGN_STYLE = Automatic;
				CURRENT_PROJECT_VERSION = 1;
				GENERATE_INFOPLIST_FILE = YES;
				IPHONEOS_DEPLOYMENT_TARGET = 16.2;
				MARKETING_VERSION = 1.0;
				PRODUCT_BUNDLE_IDENTIFIER = "pedrohgsilveira.Processo-Seletivo-iFoodTests";
				PRODUCT_NAME = "$(TARGET_NAME)";
				SWIFT_EMIT_LOC_STRINGS = NO;
				SWIFT_VERSION = 5.0;
				TARGETED_DEVICE_FAMILY = "1,2";
				TEST_HOST = "$(BUILT_PRODUCTS_DIR)/Processo-Seletivo-iFood.app/$(BUNDLE_EXECUTABLE_FOLDER_PATH)/Processo-Seletivo-iFood";
			};
			name = Debug;
		};
		A8FE638E2B2B663B001FD796 /* Release */ = {
			isa = XCBuildConfiguration;
			buildSettings = {
				ALWAYS_EMBED_SWIFT_STANDARD_LIBRARIES = YES;
				BUNDLE_LOADER = "$(TEST_HOST)";
				CODE_SIGN_STYLE = Automatic;
				CURRENT_PROJECT_VERSION = 1;
				GENERATE_INFOPLIST_FILE = YES;
				IPHONEOS_DEPLOYMENT_TARGET = 16.2;
				MARKETING_VERSION = 1.0;
				PRODUCT_BUNDLE_IDENTIFIER = "pedrohgsilveira.Processo-Seletivo-iFoodTests";
				PRODUCT_NAME = "$(TARGET_NAME)";
				SWIFT_EMIT_LOC_STRINGS = NO;
				SWIFT_VERSION = 5.0;
				TARGETED_DEVICE_FAMILY = "1,2";
				TEST_HOST = "$(BUILT_PRODUCTS_DIR)/Processo-Seletivo-iFood.app/$(BUNDLE_EXECUTABLE_FOLDER_PATH)/Processo-Seletivo-iFood";
			};
			name = Release;
		};
/* End XCBuildConfiguration section */

/* Begin XCConfigurationList section */
		A8FE635A2B2B6638001FD796 /* Build configuration list for PBXProject "Processo-Seletivo-iFood" */ = {
			isa = XCConfigurationList;
			buildConfigurations = (
				A8FE63872B2B663B001FD796 /* Debug */,
				A8FE63882B2B663B001FD796 /* Release */,
			);
			defaultConfigurationIsVisible = 0;
			defaultConfigurationName = Release;
		};
		A8FE63892B2B663B001FD796 /* Build configuration list for PBXNativeTarget "Processo-Seletivo-iFood" */ = {
			isa = XCConfigurationList;
			buildConfigurations = (
				A8FE638A2B2B663B001FD796 /* Debug */,
				A8FE638B2B2B663B001FD796 /* Release */,
			);
			defaultConfigurationIsVisible = 0;
			defaultConfigurationName = Release;
		};
		A8FE638C2B2B663B001FD796 /* Build configuration list for PBXNativeTarget "Processo-Seletivo-iFoodTests" */ = {
			isa = XCConfigurationList;
			buildConfigurations = (
				A8FE638D2B2B663B001FD796 /* Debug */,
				A8FE638E2B2B663B001FD796 /* Release */,
			);
			defaultConfigurationIsVisible = 0;
			defaultConfigurationName = Release;
		};
/* End XCConfigurationList section */
	};
	rootObject = A8FE63572B2B6638001FD796 /* Project object */;
}
